// !$*UTF8*$!
{
	archiveVersion = 1;
	classes = {
	};
	objectVersion = 56;
	objects = {

/* Begin PBXBuildFile section */
		C7834F072BD15F1300289DAF /* FriendRadarApp.swift in Sources */ = {isa = PBXBuildFile; fileRef = C7834F062BD15F1300289DAF /* FriendRadarApp.swift */; };
		C7834F092BD15F1300289DAF /* ContentView.swift in Sources */ = {isa = PBXBuildFile; fileRef = C7834F082BD15F1300289DAF /* ContentView.swift */; };
		C7834F0B2BD15F1500289DAF /* Assets.xcassets in Resources */ = {isa = PBXBuildFile; fileRef = C7834F0A2BD15F1500289DAF /* Assets.xcassets */; };
		C7834F0E2BD15F1500289DAF /* Preview Assets.xcassets in Resources */ = {isa = PBXBuildFile; fileRef = C7834F0D2BD15F1500289DAF /* Preview Assets.xcassets */; };
		C7834F182BD15F1500289DAF /* FriendRadarTests.swift in Sources */ = {isa = PBXBuildFile; fileRef = C7834F172BD15F1500289DAF /* FriendRadarTests.swift */; };
		C7834F222BD15F1500289DAF /* FriendRadarUITests.swift in Sources */ = {isa = PBXBuildFile; fileRef = C7834F212BD15F1500289DAF /* FriendRadarUITests.swift */; };
		C7834F242BD15F1500289DAF /* FriendRadarUITestsLaunchTests.swift in Sources */ = {isa = PBXBuildFile; fileRef = C7834F232BD15F1500289DAF /* FriendRadarUITestsLaunchTests.swift */; };
		C7834F322BD15F5A00289DAF /* User.swift in Sources */ = {isa = PBXBuildFile; fileRef = C7834F312BD15F5A00289DAF /* User.swift */; };
		C7834F342BD15FB400289DAF /* HomeView.swift in Sources */ = {isa = PBXBuildFile; fileRef = C7834F332BD15FB400289DAF /* HomeView.swift */; };
		C7834F3A2BD1781500289DAF /* FriendBarView.swift in Sources */ = {isa = PBXBuildFile; fileRef = C7834F392BD1781500289DAF /* FriendBarView.swift */; };
		C7834F3C2BD1831200289DAF /* TopBarView.swift in Sources */ = {isa = PBXBuildFile; fileRef = C7834F3B2BD1831200289DAF /* TopBarView.swift */; };
		C7834F3E2BD1BDB500289DAF /* SignInView.swift in Sources */ = {isa = PBXBuildFile; fileRef = C7834F3D2BD1BDB500289DAF /* SignInView.swift */; };
		C7834F402BD1BE2A00289DAF /* SignUpView.swift in Sources */ = {isa = PBXBuildFile; fileRef = C7834F3F2BD1BE2A00289DAF /* SignUpView.swift */; };
		C7834F422BD200CE00289DAF /* StarLocationView.swift in Sources */ = {isa = PBXBuildFile; fileRef = C7834F412BD200CE00289DAF /* StarLocationView.swift */; };
		C7834F442BD2204C00289DAF /* ProfileView.swift in Sources */ = {isa = PBXBuildFile; fileRef = C7834F432BD2204C00289DAF /* ProfileView.swift */; };
		C7834F462BD220A400289DAF /* FriendsView.swift in Sources */ = {isa = PBXBuildFile; fileRef = C7834F452BD220A400289DAF /* FriendsView.swift */; };
		C7834F4A2BD231B100289DAF /* ColorScheme.swift in Sources */ = {isa = PBXBuildFile; fileRef = C7834F492BD231B100289DAF /* ColorScheme.swift */; };
		C7E0DFCD2BE1DD160019DE2F /* newMap.swift in Sources */ = {isa = PBXBuildFile; fileRef = C7E0DFCC2BE1DD160019DE2F /* newMap.swift */; };
		C7E0DFCF2BE1E0880019DE2F /* MapView.swift in Sources */ = {isa = PBXBuildFile; fileRef = C7E0DFCE2BE1E0880019DE2F /* MapView.swift */; };
		C7E0DFD12BE1E3110019DE2F /* MapManager.swift in Sources */ = {isa = PBXBuildFile; fileRef = C7E0DFD02BE1E3110019DE2F /* MapManager.swift */; };
		C7E0DFD32BE1EACA0019DE2F /* AnnotationView.swift in Sources */ = {isa = PBXBuildFile; fileRef = C7E0DFD22BE1EACA0019DE2F /* AnnotationView.swift */; };
		C7E0DFD52BE1F20F0019DE2F /* HomeTopBarView.swift in Sources */ = {isa = PBXBuildFile; fileRef = C7E0DFD42BE1F20F0019DE2F /* HomeTopBarView.swift */; };
		C7E2C4D32BE3388B00EF1AC5 /* UserManager.swift in Sources */ = {isa = PBXBuildFile; fileRef = C7E2C4D22BE3388B00EF1AC5 /* UserManager.swift */; };
		C7F38BC82BD23ECD0079DA9A /* DropDownView.swift in Sources */ = {isa = PBXBuildFile; fileRef = C7F38BC72BD23ECD0079DA9A /* DropDownView.swift */; };
		C7F38BCA2BD270F10079DA9A /* FriendProfileView.swift in Sources */ = {isa = PBXBuildFile; fileRef = C7F38BC92BD270F10079DA9A /* FriendProfileView.swift */; };
		C7F38BEE2BE0AEFD0079DA9A /* UCBProperty.swift in Sources */ = {isa = PBXBuildFile; fileRef = C7F38BED2BE0AEFD0079DA9A /* UCBProperty.swift */; };
		C7F38BF02BE0C1550079DA9A /* LocationManager.swift in Sources */ = {isa = PBXBuildFile; fileRef = C7F38BEF2BE0C1550079DA9A /* LocationManager.swift */; };
		C7F38BF22BE0C9C00079DA9A /* LocationAnimationView.swift in Sources */ = {isa = PBXBuildFile; fileRef = C7F38BF12BE0C9C00079DA9A /* LocationAnimationView.swift */; };
/* End PBXBuildFile section */

/* Begin PBXContainerItemProxy section */
		C7834F142BD15F1500289DAF /* PBXContainerItemProxy */ = {
			isa = PBXContainerItemProxy;
			containerPortal = C7834EFB2BD15F1300289DAF /* Project object */;
			proxyType = 1;
			remoteGlobalIDString = C7834F022BD15F1300289DAF;
			remoteInfo = FriendRadar;
		};
		C7834F1E2BD15F1500289DAF /* PBXContainerItemProxy */ = {
			isa = PBXContainerItemProxy;
			containerPortal = C7834EFB2BD15F1300289DAF /* Project object */;
			proxyType = 1;
			remoteGlobalIDString = C7834F022BD15F1300289DAF;
			remoteInfo = FriendRadar;
		};
/* End PBXContainerItemProxy section */

/* Begin PBXFileReference section */
		C7834F032BD15F1300289DAF /* FriendRadar.app */ = {isa = PBXFileReference; explicitFileType = wrapper.application; includeInIndex = 0; path = FriendRadar.app; sourceTree = BUILT_PRODUCTS_DIR; };
		C7834F062BD15F1300289DAF /* FriendRadarApp.swift */ = {isa = PBXFileReference; lastKnownFileType = sourcecode.swift; path = FriendRadarApp.swift; sourceTree = "<group>"; };
		C7834F082BD15F1300289DAF /* ContentView.swift */ = {isa = PBXFileReference; lastKnownFileType = sourcecode.swift; path = ContentView.swift; sourceTree = "<group>"; };
		C7834F0A2BD15F1500289DAF /* Assets.xcassets */ = {isa = PBXFileReference; lastKnownFileType = folder.assetcatalog; path = Assets.xcassets; sourceTree = "<group>"; };
		C7834F0D2BD15F1500289DAF /* Preview Assets.xcassets */ = {isa = PBXFileReference; lastKnownFileType = folder.assetcatalog; path = "Preview Assets.xcassets"; sourceTree = "<group>"; };
		C7834F132BD15F1500289DAF /* FriendRadarTests.xctest */ = {isa = PBXFileReference; explicitFileType = wrapper.cfbundle; includeInIndex = 0; path = FriendRadarTests.xctest; sourceTree = BUILT_PRODUCTS_DIR; };
		C7834F172BD15F1500289DAF /* FriendRadarTests.swift */ = {isa = PBXFileReference; lastKnownFileType = sourcecode.swift; path = FriendRadarTests.swift; sourceTree = "<group>"; };
		C7834F1D2BD15F1500289DAF /* FriendRadarUITests.xctest */ = {isa = PBXFileReference; explicitFileType = wrapper.cfbundle; includeInIndex = 0; path = FriendRadarUITests.xctest; sourceTree = BUILT_PRODUCTS_DIR; };
		C7834F212BD15F1500289DAF /* FriendRadarUITests.swift */ = {isa = PBXFileReference; lastKnownFileType = sourcecode.swift; path = FriendRadarUITests.swift; sourceTree = "<group>"; };
		C7834F232BD15F1500289DAF /* FriendRadarUITestsLaunchTests.swift */ = {isa = PBXFileReference; lastKnownFileType = sourcecode.swift; path = FriendRadarUITestsLaunchTests.swift; sourceTree = "<group>"; };
		C7834F312BD15F5A00289DAF /* User.swift */ = {isa = PBXFileReference; lastKnownFileType = sourcecode.swift; path = User.swift; sourceTree = "<group>"; };
		C7834F332BD15FB400289DAF /* HomeView.swift */ = {isa = PBXFileReference; lastKnownFileType = sourcecode.swift; path = HomeView.swift; sourceTree = "<group>"; };
		C7834F392BD1781500289DAF /* FriendBarView.swift */ = {isa = PBXFileReference; lastKnownFileType = sourcecode.swift; path = FriendBarView.swift; sourceTree = "<group>"; };
		C7834F3B2BD1831200289DAF /* TopBarView.swift */ = {isa = PBXFileReference; lastKnownFileType = sourcecode.swift; path = TopBarView.swift; sourceTree = "<group>"; };
		C7834F3D2BD1BDB500289DAF /* SignInView.swift */ = {isa = PBXFileReference; lastKnownFileType = sourcecode.swift; path = SignInView.swift; sourceTree = "<group>"; };
		C7834F3F2BD1BE2A00289DAF /* SignUpView.swift */ = {isa = PBXFileReference; lastKnownFileType = sourcecode.swift; path = SignUpView.swift; sourceTree = "<group>"; };
		C7834F412BD200CE00289DAF /* StarLocationView.swift */ = {isa = PBXFileReference; lastKnownFileType = sourcecode.swift; path = StarLocationView.swift; sourceTree = "<group>"; };
		C7834F432BD2204C00289DAF /* ProfileView.swift */ = {isa = PBXFileReference; lastKnownFileType = sourcecode.swift; path = ProfileView.swift; sourceTree = "<group>"; };
		C7834F452BD220A400289DAF /* FriendsView.swift */ = {isa = PBXFileReference; lastKnownFileType = sourcecode.swift; path = FriendsView.swift; sourceTree = "<group>"; };
		C7834F492BD231B100289DAF /* ColorScheme.swift */ = {isa = PBXFileReference; lastKnownFileType = sourcecode.swift; path = ColorScheme.swift; sourceTree = "<group>"; };
		C7E0DFCC2BE1DD160019DE2F /* newMap.swift */ = {isa = PBXFileReference; lastKnownFileType = sourcecode.swift; path = newMap.swift; sourceTree = "<group>"; };
		C7E0DFCE2BE1E0880019DE2F /* MapView.swift */ = {isa = PBXFileReference; lastKnownFileType = sourcecode.swift; path = MapView.swift; sourceTree = "<group>"; };
		C7E0DFD02BE1E3110019DE2F /* MapManager.swift */ = {isa = PBXFileReference; lastKnownFileType = sourcecode.swift; path = MapManager.swift; sourceTree = "<group>"; };
		C7E0DFD22BE1EACA0019DE2F /* AnnotationView.swift */ = {isa = PBXFileReference; lastKnownFileType = sourcecode.swift; path = AnnotationView.swift; sourceTree = "<group>"; };
		C7E0DFD42BE1F20F0019DE2F /* HomeTopBarView.swift */ = {isa = PBXFileReference; lastKnownFileType = sourcecode.swift; path = HomeTopBarView.swift; sourceTree = "<group>"; };
		C7E2C4D22BE3388B00EF1AC5 /* UserManager.swift */ = {isa = PBXFileReference; lastKnownFileType = sourcecode.swift; path = UserManager.swift; sourceTree = "<group>"; };
		C7F38BC72BD23ECD0079DA9A /* DropDownView.swift */ = {isa = PBXFileReference; lastKnownFileType = sourcecode.swift; path = DropDownView.swift; sourceTree = "<group>"; };
		C7F38BC92BD270F10079DA9A /* FriendProfileView.swift */ = {isa = PBXFileReference; lastKnownFileType = sourcecode.swift; path = FriendProfileView.swift; sourceTree = "<group>"; };
		C7F38BED2BE0AEFD0079DA9A /* UCBProperty.swift */ = {isa = PBXFileReference; lastKnownFileType = sourcecode.swift; path = UCBProperty.swift; sourceTree = "<group>"; };
		C7F38BEF2BE0C1550079DA9A /* LocationManager.swift */ = {isa = PBXFileReference; lastKnownFileType = sourcecode.swift; path = LocationManager.swift; sourceTree = "<group>"; };
		C7F38BF12BE0C9C00079DA9A /* LocationAnimationView.swift */ = {isa = PBXFileReference; lastKnownFileType = sourcecode.swift; path = LocationAnimationView.swift; sourceTree = "<group>"; };
/* End PBXFileReference section */

/* Begin PBXFrameworksBuildPhase section */
		C7834F002BD15F1300289DAF /* Frameworks */ = {
			isa = PBXFrameworksBuildPhase;
			buildActionMask = 2147483647;
			files = (
			);
			runOnlyForDeploymentPostprocessing = 0;
		};
		C7834F102BD15F1500289DAF /* Frameworks */ = {
			isa = PBXFrameworksBuildPhase;
			buildActionMask = 2147483647;
			files = (
			);
			runOnlyForDeploymentPostprocessing = 0;
		};
		C7834F1A2BD15F1500289DAF /* Frameworks */ = {
			isa = PBXFrameworksBuildPhase;
			buildActionMask = 2147483647;
			files = (
			);
			runOnlyForDeploymentPostprocessing = 0;
		};
/* End PBXFrameworksBuildPhase section */

/* Begin PBXGroup section */
		C7077CA12BE2EC3200374EDB /* Model */ = {
			isa = PBXGroup;
			children = (
				C7F38BED2BE0AEFD0079DA9A /* UCBProperty.swift */,
				C7834F312BD15F5A00289DAF /* User.swift */,
			);
			path = Model;
			sourceTree = "<group>";
		};
		C7834EFA2BD15F1300289DAF = {
			isa = PBXGroup;
			children = (
				C7834F052BD15F1300289DAF /* FriendRadar */,
				C7834F162BD15F1500289DAF /* FriendRadarTests */,
				C7834F202BD15F1500289DAF /* FriendRadarUITests */,
				C7834F042BD15F1300289DAF /* Products */,
			);
			sourceTree = "<group>";
		};
		C7834F042BD15F1300289DAF /* Products */ = {
			isa = PBXGroup;
			children = (
				C7834F032BD15F1300289DAF /* FriendRadar.app */,
				C7834F132BD15F1500289DAF /* FriendRadarTests.xctest */,
				C7834F1D2BD15F1500289DAF /* FriendRadarUITests.xctest */,
			);
			name = Products;
			sourceTree = "<group>";
		};
		C7834F052BD15F1300289DAF /* FriendRadar */ = {
			isa = PBXGroup;
			children = (
				C7077CA12BE2EC3200374EDB /* Model */,
				C7834F302BD15F3A00289DAF /* supporting files */,
				C7834F062BD15F1300289DAF /* FriendRadarApp.swift */,
				C7834F082BD15F1300289DAF /* ContentView.swift */,
				C7834F0A2BD15F1500289DAF /* Assets.xcassets */,
				C7834F0C2BD15F1500289DAF /* Preview Content */,
				C7834F332BD15FB400289DAF /* HomeView.swift */,
				C7834F392BD1781500289DAF /* FriendBarView.swift */,
				C7834F3B2BD1831200289DAF /* TopBarView.swift */,
				C7834F3D2BD1BDB500289DAF /* SignInView.swift */,
				C7834F3F2BD1BE2A00289DAF /* SignUpView.swift */,
				C7834F412BD200CE00289DAF /* StarLocationView.swift */,
				C7834F432BD2204C00289DAF /* ProfileView.swift */,
				C7834F452BD220A400289DAF /* FriendsView.swift */,
				C7F38BC72BD23ECD0079DA9A /* DropDownView.swift */,
				C7F38BC92BD270F10079DA9A /* FriendProfileView.swift */,
			);
			path = FriendRadar;
			sourceTree = "<group>";
		};
		C7834F0C2BD15F1500289DAF /* Preview Content */ = {
			isa = PBXGroup;
			children = (
				C7834F0D2BD15F1500289DAF /* Preview Assets.xcassets */,
			);
			path = "Preview Content";
			sourceTree = "<group>";
		};
		C7834F162BD15F1500289DAF /* FriendRadarTests */ = {
			isa = PBXGroup;
			children = (
				C7834F172BD15F1500289DAF /* FriendRadarTests.swift */,
			);
			path = FriendRadarTests;
			sourceTree = "<group>";
		};
		C7834F202BD15F1500289DAF /* FriendRadarUITests */ = {
			isa = PBXGroup;
			children = (
				C7834F212BD15F1500289DAF /* FriendRadarUITests.swift */,
				C7834F232BD15F1500289DAF /* FriendRadarUITestsLaunchTests.swift */,
			);
			path = FriendRadarUITests;
			sourceTree = "<group>";
		};
		C7834F302BD15F3A00289DAF /* supporting files */ = {
			isa = PBXGroup;
			children = (
				C7834F492BD231B100289DAF /* ColorScheme.swift */,
				C7F38BEF2BE0C1550079DA9A /* LocationManager.swift */,
				C7F38BF12BE0C9C00079DA9A /* LocationAnimationView.swift */,
				C7E0DFCC2BE1DD160019DE2F /* newMap.swift */,
				C7E0DFCE2BE1E0880019DE2F /* MapView.swift */,
				C7E0DFD02BE1E3110019DE2F /* MapManager.swift */,
				C7E0DFD22BE1EACA0019DE2F /* AnnotationView.swift */,
				C7E0DFD42BE1F20F0019DE2F /* HomeTopBarView.swift */,
				C7E2C4D22BE3388B00EF1AC5 /* UserManager.swift */,
			);
			path = "supporting files";
			sourceTree = "<group>";
		};
/* End PBXGroup section */

/* Begin PBXNativeTarget section */
		C7834F022BD15F1300289DAF /* FriendRadar */ = {
			isa = PBXNativeTarget;
			buildConfigurationList = C7834F272BD15F1500289DAF /* Build configuration list for PBXNativeTarget "FriendRadar" */;
			buildPhases = (
				C7834EFF2BD15F1300289DAF /* Sources */,
				C7834F002BD15F1300289DAF /* Frameworks */,
				C7834F012BD15F1300289DAF /* Resources */,
			);
			buildRules = (
			);
			dependencies = (
			);
			name = FriendRadar;
			productName = FriendRadar;
			productReference = C7834F032BD15F1300289DAF /* FriendRadar.app */;
			productType = "com.apple.product-type.application";
		};
		C7834F122BD15F1500289DAF /* FriendRadarTests */ = {
			isa = PBXNativeTarget;
			buildConfigurationList = C7834F2A2BD15F1500289DAF /* Build configuration list for PBXNativeTarget "FriendRadarTests" */;
			buildPhases = (
				C7834F0F2BD15F1500289DAF /* Sources */,
				C7834F102BD15F1500289DAF /* Frameworks */,
				C7834F112BD15F1500289DAF /* Resources */,
			);
			buildRules = (
			);
			dependencies = (
				C7834F152BD15F1500289DAF /* PBXTargetDependency */,
			);
			name = FriendRadarTests;
			productName = FriendRadarTests;
			productReference = C7834F132BD15F1500289DAF /* FriendRadarTests.xctest */;
			productType = "com.apple.product-type.bundle.unit-test";
		};
		C7834F1C2BD15F1500289DAF /* FriendRadarUITests */ = {
			isa = PBXNativeTarget;
			buildConfigurationList = C7834F2D2BD15F1500289DAF /* Build configuration list for PBXNativeTarget "FriendRadarUITests" */;
			buildPhases = (
				C7834F192BD15F1500289DAF /* Sources */,
				C7834F1A2BD15F1500289DAF /* Frameworks */,
				C7834F1B2BD15F1500289DAF /* Resources */,
			);
			buildRules = (
			);
			dependencies = (
				C7834F1F2BD15F1500289DAF /* PBXTargetDependency */,
			);
			name = FriendRadarUITests;
			productName = FriendRadarUITests;
			productReference = C7834F1D2BD15F1500289DAF /* FriendRadarUITests.xctest */;
			productType = "com.apple.product-type.bundle.ui-testing";
		};
/* End PBXNativeTarget section */

/* Begin PBXProject section */
		C7834EFB2BD15F1300289DAF /* Project object */ = {
			isa = PBXProject;
			attributes = {
				BuildIndependentTargetsInParallel = 1;
				LastSwiftUpdateCheck = 1520;
				LastUpgradeCheck = 1520;
				TargetAttributes = {
					C7834F022BD15F1300289DAF = {
						CreatedOnToolsVersion = 15.2;
					};
					C7834F122BD15F1500289DAF = {
						CreatedOnToolsVersion = 15.2;
						TestTargetID = C7834F022BD15F1300289DAF;
					};
					C7834F1C2BD15F1500289DAF = {
						CreatedOnToolsVersion = 15.2;
						TestTargetID = C7834F022BD15F1300289DAF;
					};
				};
			};
			buildConfigurationList = C7834EFE2BD15F1300289DAF /* Build configuration list for PBXProject "FriendRadar" */;
			compatibilityVersion = "Xcode 14.0";
			developmentRegion = en;
			hasScannedForEncodings = 0;
			knownRegions = (
				en,
				Base,
			);
			mainGroup = C7834EFA2BD15F1300289DAF;
			productRefGroup = C7834F042BD15F1300289DAF /* Products */;
			projectDirPath = "";
			projectRoot = "";
			targets = (
				C7834F022BD15F1300289DAF /* FriendRadar */,
				C7834F122BD15F1500289DAF /* FriendRadarTests */,
				C7834F1C2BD15F1500289DAF /* FriendRadarUITests */,
			);
		};
/* End PBXProject section */

/* Begin PBXResourcesBuildPhase section */
		C7834F012BD15F1300289DAF /* Resources */ = {
			isa = PBXResourcesBuildPhase;
			buildActionMask = 2147483647;
			files = (
				C7834F0E2BD15F1500289DAF /* Preview Assets.xcassets in Resources */,
				C7834F0B2BD15F1500289DAF /* Assets.xcassets in Resources */,
			);
			runOnlyForDeploymentPostprocessing = 0;
		};
		C7834F112BD15F1500289DAF /* Resources */ = {
			isa = PBXResourcesBuildPhase;
			buildActionMask = 2147483647;
			files = (
			);
			runOnlyForDeploymentPostprocessing = 0;
		};
		C7834F1B2BD15F1500289DAF /* Resources */ = {
			isa = PBXResourcesBuildPhase;
			buildActionMask = 2147483647;
			files = (
			);
			runOnlyForDeploymentPostprocessing = 0;
		};
/* End PBXResourcesBuildPhase section */

/* Begin PBXSourcesBuildPhase section */
		C7834EFF2BD15F1300289DAF /* Sources */ = {
			isa = PBXSourcesBuildPhase;
			buildActionMask = 2147483647;
			files = (
				C7834F3E2BD1BDB500289DAF /* SignInView.swift in Sources */,
				C7834F4A2BD231B100289DAF /* ColorScheme.swift in Sources */,
				C7F38BF22BE0C9C00079DA9A /* LocationAnimationView.swift in Sources */,
				C7834F092BD15F1300289DAF /* ContentView.swift in Sources */,
				C7E0DFD12BE1E3110019DE2F /* MapManager.swift in Sources */,
				C7E0DFD32BE1EACA0019DE2F /* AnnotationView.swift in Sources */,
				C7E0DFCD2BE1DD160019DE2F /* newMap.swift in Sources */,
				C7E2C4D32BE3388B00EF1AC5 /* UserManager.swift in Sources */,
				C7E0DFD52BE1F20F0019DE2F /* HomeTopBarView.swift in Sources */,
				C7F38BC82BD23ECD0079DA9A /* DropDownView.swift in Sources */,
				C7F38BF02BE0C1550079DA9A /* LocationManager.swift in Sources */,
				C7834F422BD200CE00289DAF /* StarLocationView.swift in Sources */,
				C7F38BEE2BE0AEFD0079DA9A /* UCBProperty.swift in Sources */,
				C7834F342BD15FB400289DAF /* HomeView.swift in Sources */,
				C7834F442BD2204C00289DAF /* ProfileView.swift in Sources */,
				C7834F322BD15F5A00289DAF /* User.swift in Sources */,
				C7834F072BD15F1300289DAF /* FriendRadarApp.swift in Sources */,
				C7834F402BD1BE2A00289DAF /* SignUpView.swift in Sources */,
				C7834F3A2BD1781500289DAF /* FriendBarView.swift in Sources */,
				C7834F3C2BD1831200289DAF /* TopBarView.swift in Sources */,
				C7E0DFCF2BE1E0880019DE2F /* MapView.swift in Sources */,
				C7834F462BD220A400289DAF /* FriendsView.swift in Sources */,
				C7F38BCA2BD270F10079DA9A /* FriendProfileView.swift in Sources */,
			);
			runOnlyForDeploymentPostprocessing = 0;
		};
		C7834F0F2BD15F1500289DAF /* Sources */ = {
			isa = PBXSourcesBuildPhase;
			buildActionMask = 2147483647;
			files = (
				C7834F182BD15F1500289DAF /* FriendRadarTests.swift in Sources */,
			);
			runOnlyForDeploymentPostprocessing = 0;
		};
		C7834F192BD15F1500289DAF /* Sources */ = {
			isa = PBXSourcesBuildPhase;
			buildActionMask = 2147483647;
			files = (
				C7834F222BD15F1500289DAF /* FriendRadarUITests.swift in Sources */,
				C7834F242BD15F1500289DAF /* FriendRadarUITestsLaunchTests.swift in Sources */,
			);
			runOnlyForDeploymentPostprocessing = 0;
		};
/* End PBXSourcesBuildPhase section */

/* Begin PBXTargetDependency section */
		C7834F152BD15F1500289DAF /* PBXTargetDependency */ = {
			isa = PBXTargetDependency;
			target = C7834F022BD15F1300289DAF /* FriendRadar */;
			targetProxy = C7834F142BD15F1500289DAF /* PBXContainerItemProxy */;
		};
		C7834F1F2BD15F1500289DAF /* PBXTargetDependency */ = {
			isa = PBXTargetDependency;
			target = C7834F022BD15F1300289DAF /* FriendRadar */;
			targetProxy = C7834F1E2BD15F1500289DAF /* PBXContainerItemProxy */;
		};
/* End PBXTargetDependency section */

/* Begin XCBuildConfiguration section */
		C7834F252BD15F1500289DAF /* Debug */ = {
			isa = XCBuildConfiguration;
			buildSettings = {
				ALWAYS_SEARCH_USER_PATHS = NO;
				ASSETCATALOG_COMPILER_GENERATE_SWIFT_ASSET_SYMBOL_EXTENSIONS = YES;
				CLANG_ANALYZER_NONNULL = YES;
				CLANG_ANALYZER_NUMBER_OBJECT_CONVERSION = YES_AGGRESSIVE;
				CLANG_CXX_LANGUAGE_STANDARD = "gnu++20";
				CLANG_ENABLE_MODULES = YES;
				CLANG_ENABLE_OBJC_ARC = YES;
				CLANG_ENABLE_OBJC_WEAK = YES;
				CLANG_WARN_BLOCK_CAPTURE_AUTORELEASING = YES;
				CLANG_WARN_BOOL_CONVERSION = YES;
				CLANG_WARN_COMMA = YES;
				CLANG_WARN_CONSTANT_CONVERSION = YES;
				CLANG_WARN_DEPRECATED_OBJC_IMPLEMENTATIONS = YES;
				CLANG_WARN_DIRECT_OBJC_ISA_USAGE = YES_ERROR;
				CLANG_WARN_DOCUMENTATION_COMMENTS = YES;
				CLANG_WARN_EMPTY_BODY = YES;
				CLANG_WARN_ENUM_CONVERSION = YES;
				CLANG_WARN_INFINITE_RECURSION = YES;
				CLANG_WARN_INT_CONVERSION = YES;
				CLANG_WARN_NON_LITERAL_NULL_CONVERSION = YES;
				CLANG_WARN_OBJC_IMPLICIT_RETAIN_SELF = YES;
				CLANG_WARN_OBJC_LITERAL_CONVERSION = YES;
				CLANG_WARN_OBJC_ROOT_CLASS = YES_ERROR;
				CLANG_WARN_QUOTED_INCLUDE_IN_FRAMEWORK_HEADER = YES;
				CLANG_WARN_RANGE_LOOP_ANALYSIS = YES;
				CLANG_WARN_STRICT_PROTOTYPES = YES;
				CLANG_WARN_SUSPICIOUS_MOVE = YES;
				CLANG_WARN_UNGUARDED_AVAILABILITY = YES_AGGRESSIVE;
				CLANG_WARN_UNREACHABLE_CODE = YES;
				CLANG_WARN__DUPLICATE_METHOD_MATCH = YES;
				COPY_PHASE_STRIP = NO;
				DEBUG_INFORMATION_FORMAT = dwarf;
				ENABLE_STRICT_OBJC_MSGSEND = YES;
				ENABLE_TESTABILITY = YES;
				ENABLE_USER_SCRIPT_SANDBOXING = YES;
				GCC_C_LANGUAGE_STANDARD = gnu17;
				GCC_DYNAMIC_NO_PIC = NO;
				GCC_NO_COMMON_BLOCKS = YES;
				GCC_OPTIMIZATION_LEVEL = 0;
				GCC_PREPROCESSOR_DEFINITIONS = (
					"DEBUG=1",
					"$(inherited)",
				);
				GCC_WARN_64_TO_32_BIT_CONVERSION = YES;
				GCC_WARN_ABOUT_RETURN_TYPE = YES_ERROR;
				GCC_WARN_UNDECLARED_SELECTOR = YES;
				GCC_WARN_UNINITIALIZED_AUTOS = YES_AGGRESSIVE;
				GCC_WARN_UNUSED_FUNCTION = YES;
				GCC_WARN_UNUSED_VARIABLE = YES;
				IPHONEOS_DEPLOYMENT_TARGET = 17.2;
				LOCALIZATION_PREFERS_STRING_CATALOGS = YES;
				MTL_ENABLE_DEBUG_INFO = INCLUDE_SOURCE;
				MTL_FAST_MATH = YES;
				ONLY_ACTIVE_ARCH = YES;
				SDKROOT = iphoneos;
				SWIFT_ACTIVE_COMPILATION_CONDITIONS = "DEBUG $(inherited)";
				SWIFT_OPTIMIZATION_LEVEL = "-Onone";
			};
			name = Debug;
		};
		C7834F262BD15F1500289DAF /* Release */ = {
			isa = XCBuildConfiguration;
			buildSettings = {
				ALWAYS_SEARCH_USER_PATHS = NO;
				ASSETCATALOG_COMPILER_GENERATE_SWIFT_ASSET_SYMBOL_EXTENSIONS = YES;
				CLANG_ANALYZER_NONNULL = YES;
				CLANG_ANALYZER_NUMBER_OBJECT_CONVERSION = YES_AGGRESSIVE;
				CLANG_CXX_LANGUAGE_STANDARD = "gnu++20";
				CLANG_ENABLE_MODULES = YES;
				CLANG_ENABLE_OBJC_ARC = YES;
				CLANG_ENABLE_OBJC_WEAK = YES;
				CLANG_WARN_BLOCK_CAPTURE_AUTORELEASING = YES;
				CLANG_WARN_BOOL_CONVERSION = YES;
				CLANG_WARN_COMMA = YES;
				CLANG_WARN_CONSTANT_CONVERSION = YES;
				CLANG_WARN_DEPRECATED_OBJC_IMPLEMENTATIONS = YES;
				CLANG_WARN_DIRECT_OBJC_ISA_USAGE = YES_ERROR;
				CLANG_WARN_DOCUMENTATION_COMMENTS = YES;
				CLANG_WARN_EMPTY_BODY = YES;
				CLANG_WARN_ENUM_CONVERSION = YES;
				CLANG_WARN_INFINITE_RECURSION = YES;
				CLANG_WARN_INT_CONVERSION = YES;
				CLANG_WARN_NON_LITERAL_NULL_CONVERSION = YES;
				CLANG_WARN_OBJC_IMPLICIT_RETAIN_SELF = YES;
				CLANG_WARN_OBJC_LITERAL_CONVERSION = YES;
				CLANG_WARN_OBJC_ROOT_CLASS = YES_ERROR;
				CLANG_WARN_QUOTED_INCLUDE_IN_FRAMEWORK_HEADER = YES;
				CLANG_WARN_RANGE_LOOP_ANALYSIS = YES;
				CLANG_WARN_STRICT_PROTOTYPES = YES;
				CLANG_WARN_SUSPICIOUS_MOVE = YES;
				CLANG_WARN_UNGUARDED_AVAILABILITY = YES_AGGRESSIVE;
				CLANG_WARN_UNREACHABLE_CODE = YES;
				CLANG_WARN__DUPLICATE_METHOD_MATCH = YES;
				COPY_PHASE_STRIP = NO;
				DEBUG_INFORMATION_FORMAT = "dwarf-with-dsym";
				ENABLE_NS_ASSERTIONS = NO;
				ENABLE_STRICT_OBJC_MSGSEND = YES;
				ENABLE_USER_SCRIPT_SANDBOXING = YES;
				GCC_C_LANGUAGE_STANDARD = gnu17;
				GCC_NO_COMMON_BLOCKS = YES;
				GCC_WARN_64_TO_32_BIT_CONVERSION = YES;
				GCC_WARN_ABOUT_RETURN_TYPE = YES_ERROR;
				GCC_WARN_UNDECLARED_SELECTOR = YES;
				GCC_WARN_UNINITIALIZED_AUTOS = YES_AGGRESSIVE;
				GCC_WARN_UNUSED_FUNCTION = YES;
				GCC_WARN_UNUSED_VARIABLE = YES;
				IPHONEOS_DEPLOYMENT_TARGET = 17.2;
				LOCALIZATION_PREFERS_STRING_CATALOGS = YES;
				MTL_ENABLE_DEBUG_INFO = NO;
				MTL_FAST_MATH = YES;
				SDKROOT = iphoneos;
				SWIFT_COMPILATION_MODE = wholemodule;
				VALIDATE_PRODUCT = YES;
			};
			name = Release;
		};
		C7834F282BD15F1500289DAF /* Debug */ = {
			isa = XCBuildConfiguration;
			buildSettings = {
				ASSETCATALOG_COMPILER_APPICON_NAME = AppIcon;
				ASSETCATALOG_COMPILER_GLOBAL_ACCENT_COLOR_NAME = AccentColor;
				CODE_SIGN_STYLE = Automatic;
				CURRENT_PROJECT_VERSION = 1;
				DEVELOPMENT_ASSET_PATHS = "\"FriendRadar/Preview Content\"";
				DEVELOPMENT_TEAM = AK63TJN7GQ;
				ENABLE_PREVIEWS = YES;
				GENERATE_INFOPLIST_FILE = YES;
				INFOPLIST_KEY_NSLocationAlwaysUsageDescription = "for research purpose";
				INFOPLIST_KEY_NSLocationWhenInUseUsageDescription = "for research purpose";
				INFOPLIST_KEY_UIApplicationSceneManifest_Generation = YES;
				INFOPLIST_KEY_UIApplicationSupportsIndirectInputEvents = YES;
				INFOPLIST_KEY_UILaunchScreen_Generation = YES;
				INFOPLIST_KEY_UISupportedInterfaceOrientations_iPad = "UIInterfaceOrientationPortrait UIInterfaceOrientationPortraitUpsideDown UIInterfaceOrientationLandscapeLeft UIInterfaceOrientationLandscapeRight";
				INFOPLIST_KEY_UISupportedInterfaceOrientations_iPhone = "UIInterfaceOrientationPortrait UIInterfaceOrientationLandscapeLeft UIInterfaceOrientationLandscapeRight";
				LD_RUNPATH_SEARCH_PATHS = (
					"$(inherited)",
					"@executable_path/Frameworks",
				);
				MARKETING_VERSION = 1.0;
				PRODUCT_BUNDLE_IDENTIFIER = com.xinzhou.FriendRadar;
				PRODUCT_NAME = "$(TARGET_NAME)";
				SWIFT_EMIT_LOC_STRINGS = YES;
				SWIFT_VERSION = 5.0;
				TARGETED_DEVICE_FAMILY = "1,2";
			};
			name = Debug;
		};
		C7834F292BD15F1500289DAF /* Release */ = {
			isa = XCBuildConfiguration;
			buildSettings = {
				ASSETCATALOG_COMPILER_APPICON_NAME = AppIcon;
				ASSETCATALOG_COMPILER_GLOBAL_ACCENT_COLOR_NAME = AccentColor;
				CODE_SIGN_STYLE = Automatic;
				CURRENT_PROJECT_VERSION = 1;
				DEVELOPMENT_ASSET_PATHS = "\"FriendRadar/Preview Content\"";
				DEVELOPMENT_TEAM = AK63TJN7GQ;
				ENABLE_PREVIEWS = YES;
				GENERATE_INFOPLIST_FILE = YES;
				INFOPLIST_KEY_NSLocationAlwaysUsageDescription = "for research purpose";
				INFOPLIST_KEY_NSLocationWhenInUseUsageDescription = "for research purpose";
				INFOPLIST_KEY_UIApplicationSceneManifest_Generation = YES;
				INFOPLIST_KEY_UIApplicationSupportsIndirectInputEvents = YES;
				INFOPLIST_KEY_UILaunchScreen_Generation = YES;
				INFOPLIST_KEY_UISupportedInterfaceOrientations_iPad = "UIInterfaceOrientationPortrait UIInterfaceOrientationPortraitUpsideDown UIInterfaceOrientationLandscapeLeft UIInterfaceOrientationLandscapeRight";
				INFOPLIST_KEY_UISupportedInterfaceOrientations_iPhone = "UIInterfaceOrientationPortrait UIInterfaceOrientationLandscapeLeft UIInterfaceOrientationLandscapeRight";
				LD_RUNPATH_SEARCH_PATHS = (
					"$(inherited)",
					"@executable_path/Frameworks",
				);
				MARKETING_VERSION = 1.0;
				PRODUCT_BUNDLE_IDENTIFIER = com.xinzhou.FriendRadar;
				PRODUCT_NAME = "$(TARGET_NAME)";
				SWIFT_EMIT_LOC_STRINGS = YES;
				SWIFT_VERSION = 5.0;
				TARGETED_DEVICE_FAMILY = "1,2";
			};
			name = Release;
		};
		C7834F2B2BD15F1500289DAF /* Debug */ = {
			isa = XCBuildConfiguration;
			buildSettings = {
				ALWAYS_EMBED_SWIFT_STANDARD_LIBRARIES = YES;
				BUNDLE_LOADER = "$(TEST_HOST)";
				CODE_SIGN_STYLE = Automatic;
				CURRENT_PROJECT_VERSION = 1;
				GENERATE_INFOPLIST_FILE = YES;
				IPHONEOS_DEPLOYMENT_TARGET = 17.2;
				MARKETING_VERSION = 1.0;
				PRODUCT_BUNDLE_IDENTIFIER = com.xinzhou.FriendRadarTests;
				PRODUCT_NAME = "$(TARGET_NAME)";
				SWIFT_EMIT_LOC_STRINGS = NO;
				SWIFT_VERSION = 5.0;
				TARGETED_DEVICE_FAMILY = "1,2";
				TEST_HOST = "$(BUILT_PRODUCTS_DIR)/FriendRadar.app/$(BUNDLE_EXECUTABLE_FOLDER_PATH)/FriendRadar";
			};
			name = Debug;
		};
		C7834F2C2BD15F1500289DAF /* Release */ = {
			isa = XCBuildConfiguration;
			buildSettings = {
				ALWAYS_EMBED_SWIFT_STANDARD_LIBRARIES = YES;
				BUNDLE_LOADER = "$(TEST_HOST)";
				CODE_SIGN_STYLE = Automatic;
				CURRENT_PROJECT_VERSION = 1;
				GENERATE_INFOPLIST_FILE = YES;
				IPHONEOS_DEPLOYMENT_TARGET = 17.2;
				MARKETING_VERSION = 1.0;
				PRODUCT_BUNDLE_IDENTIFIER = com.xinzhou.FriendRadarTests;
				PRODUCT_NAME = "$(TARGET_NAME)";
				SWIFT_EMIT_LOC_STRINGS = NO;
				SWIFT_VERSION = 5.0;
				TARGETED_DEVICE_FAMILY = "1,2";
				TEST_HOST = "$(BUILT_PRODUCTS_DIR)/FriendRadar.app/$(BUNDLE_EXECUTABLE_FOLDER_PATH)/FriendRadar";
			};
			name = Release;
		};
		C7834F2E2BD15F1500289DAF /* Debug */ = {
			isa = XCBuildConfiguration;
			buildSettings = {
				ALWAYS_EMBED_SWIFT_STANDARD_LIBRARIES = YES;
				CODE_SIGN_STYLE = Automatic;
				CURRENT_PROJECT_VERSION = 1;
				GENERATE_INFOPLIST_FILE = YES;
				MARKETING_VERSION = 1.0;
				PRODUCT_BUNDLE_IDENTIFIER = com.xinzhou.FriendRadarUITests;
				PRODUCT_NAME = "$(TARGET_NAME)";
				SWIFT_EMIT_LOC_STRINGS = NO;
				SWIFT_VERSION = 5.0;
				TARGETED_DEVICE_FAMILY = "1,2";
				TEST_TARGET_NAME = FriendRadar;
			};
			name = Debug;
		};
		C7834F2F2BD15F1500289DAF /* Release */ = {
			isa = XCBuildConfiguration;
			buildSettings = {
				ALWAYS_EMBED_SWIFT_STANDARD_LIBRARIES = YES;
				CODE_SIGN_STYLE = Automatic;
				CURRENT_PROJECT_VERSION = 1;
				GENERATE_INFOPLIST_FILE = YES;
				MARKETING_VERSION = 1.0;
				PRODUCT_BUNDLE_IDENTIFIER = com.xinzhou.FriendRadarUITests;
				PRODUCT_NAME = "$(TARGET_NAME)";
				SWIFT_EMIT_LOC_STRINGS = NO;
				SWIFT_VERSION = 5.0;
				TARGETED_DEVICE_FAMILY = "1,2";
				TEST_TARGET_NAME = FriendRadar;
			};
			name = Release;
		};
/* End XCBuildConfiguration section */

/* Begin XCConfigurationList section */
		C7834EFE2BD15F1300289DAF /* Build configuration list for PBXProject "FriendRadar" */ = {
			isa = XCConfigurationList;
			buildConfigurations = (
				C7834F252BD15F1500289DAF /* Debug */,
				C7834F262BD15F1500289DAF /* Release */,
			);
			defaultConfigurationIsVisible = 0;
			defaultConfigurationName = Release;
		};
		C7834F272BD15F1500289DAF /* Build configuration list for PBXNativeTarget "FriendRadar" */ = {
			isa = XCConfigurationList;
			buildConfigurations = (
				C7834F282BD15F1500289DAF /* Debug */,
				C7834F292BD15F1500289DAF /* Release */,
			);
			defaultConfigurationIsVisible = 0;
			defaultConfigurationName = Release;
		};
		C7834F2A2BD15F1500289DAF /* Build configuration list for PBXNativeTarget "FriendRadarTests" */ = {
			isa = XCConfigurationList;
			buildConfigurations = (
				C7834F2B2BD15F1500289DAF /* Debug */,
				C7834F2C2BD15F1500289DAF /* Release */,
			);
			defaultConfigurationIsVisible = 0;
			defaultConfigurationName = Release;
		};
		C7834F2D2BD15F1500289DAF /* Build configuration list for PBXNativeTarget "FriendRadarUITests" */ = {
			isa = XCConfigurationList;
			buildConfigurations = (
				C7834F2E2BD15F1500289DAF /* Debug */,
				C7834F2F2BD15F1500289DAF /* Release */,
			);
			defaultConfigurationIsVisible = 0;
			defaultConfigurationName = Release;
		};
/* End XCConfigurationList section */
	};
	rootObject = C7834EFB2BD15F1300289DAF /* Project object */;
}
